// !$*UTF8*$!
{
	archiveVersion = 1;
	classes = {
	};
	objectVersion = 55;
	objects = {

/* Begin PBXBuildFile section */
		E3228C9D29CE253B0016D5FB /* AppDelegate.swift in Sources */ = {isa = PBXBuildFile; fileRef = E3228C9C29CE253B0016D5FB /* AppDelegate.swift */; };
		E3228C9F29CE253B0016D5FB /* SceneDelegate.swift in Sources */ = {isa = PBXBuildFile; fileRef = E3228C9E29CE253B0016D5FB /* SceneDelegate.swift */; };
		E3228CA129CE253B0016D5FB /* ViewController.swift in Sources */ = {isa = PBXBuildFile; fileRef = E3228CA029CE253B0016D5FB /* ViewController.swift */; };
		E3228CA429CE253B0016D5FB /* Main.storyboard in Resources */ = {isa = PBXBuildFile; fileRef = E3228CA229CE253B0016D5FB /* Main.storyboard */; };
		E3228CA629CE253F0016D5FB /* Assets.xcassets in Resources */ = {isa = PBXBuildFile; fileRef = E3228CA529CE253F0016D5FB /* Assets.xcassets */; };
		E3228CA929CE253F0016D5FB /* LaunchScreen.storyboard in Resources */ = {isa = PBXBuildFile; fileRef = E3228CA729CE253F0016D5FB /* LaunchScreen.storyboard */; };
		E3228CB429CE253F0016D5FB /* invio_v2Tests.swift in Sources */ = {isa = PBXBuildFile; fileRef = E3228CB329CE253F0016D5FB /* invio_v2Tests.swift */; };
		E3228CBE29CE253F0016D5FB /* invio_v2UITests.swift in Sources */ = {isa = PBXBuildFile; fileRef = E3228CBD29CE253F0016D5FB /* invio_v2UITests.swift */; };
		E3228CC029CE253F0016D5FB /* invio_v2UITestsLaunchTests.swift in Sources */ = {isa = PBXBuildFile; fileRef = E3228CBF29CE253F0016D5FB /* invio_v2UITestsLaunchTests.swift */; };
		E3228CCD29CE34A20016D5FB /* ViewControllerHomePage.swift in Sources */ = {isa = PBXBuildFile; fileRef = E3228CCC29CE34A20016D5FB /* ViewControllerHomePage.swift */; };
/* End PBXBuildFile section */

/* Begin PBXContainerItemProxy section */
		E3228CB029CE253F0016D5FB /* PBXContainerItemProxy */ = {
			isa = PBXContainerItemProxy;
			containerPortal = E3228C9129CE253B0016D5FB /* Project object */;
			proxyType = 1;
			remoteGlobalIDString = E3228C9829CE253B0016D5FB;
			remoteInfo = "invio-v2";
		};
		E3228CBA29CE253F0016D5FB /* PBXContainerItemProxy */ = {
			isa = PBXContainerItemProxy;
			containerPortal = E3228C9129CE253B0016D5FB /* Project object */;
			proxyType = 1;
			remoteGlobalIDString = E3228C9829CE253B0016D5FB;
			remoteInfo = "invio-v2";
		};
/* End PBXContainerItemProxy section */

/* Begin PBXFileReference section */
		E3228C9929CE253B0016D5FB /* invio-v2.app */ = {isa = PBXFileReference; explicitFileType = wrapper.application; includeInIndex = 0; path = "invio-v2.app"; sourceTree = BUILT_PRODUCTS_DIR; };
		E3228C9C29CE253B0016D5FB /* AppDelegate.swift */ = {isa = PBXFileReference; lastKnownFileType = sourcecode.swift; path = AppDelegate.swift; sourceTree = "<group>"; };
		E3228C9E29CE253B0016D5FB /* SceneDelegate.swift */ = {isa = PBXFileReference; lastKnownFileType = sourcecode.swift; path = SceneDelegate.swift; sourceTree = "<group>"; };
		E3228CA029CE253B0016D5FB /* ViewController.swift */ = {isa = PBXFileReference; lastKnownFileType = sourcecode.swift; path = ViewController.swift; sourceTree = "<group>"; };
		E3228CA329CE253B0016D5FB /* Base */ = {isa = PBXFileReference; lastKnownFileType = file.storyboard; name = Base; path = Base.lproj/Main.storyboard; sourceTree = "<group>"; };
		E3228CA529CE253F0016D5FB /* Assets.xcassets */ = {isa = PBXFileReference; lastKnownFileType = folder.assetcatalog; path = Assets.xcassets; sourceTree = "<group>"; };
		E3228CA829CE253F0016D5FB /* Base */ = {isa = PBXFileReference; lastKnownFileType = file.storyboard; name = Base; path = Base.lproj/LaunchScreen.storyboard; sourceTree = "<group>"; };
		E3228CAA29CE253F0016D5FB /* Info.plist */ = {isa = PBXFileReference; lastKnownFileType = text.plist.xml; path = Info.plist; sourceTree = "<group>"; };
		E3228CAF29CE253F0016D5FB /* invio-v2Tests.xctest */ = {isa = PBXFileReference; explicitFileType = wrapper.cfbundle; includeInIndex = 0; path = "invio-v2Tests.xctest"; sourceTree = BUILT_PRODUCTS_DIR; };
		E3228CB329CE253F0016D5FB /* invio_v2Tests.swift */ = {isa = PBXFileReference; lastKnownFileType = sourcecode.swift; path = invio_v2Tests.swift; sourceTree = "<group>"; };
		E3228CB929CE253F0016D5FB /* invio-v2UITests.xctest */ = {isa = PBXFileReference; explicitFileType = wrapper.cfbundle; includeInIndex = 0; path = "invio-v2UITests.xctest"; sourceTree = BUILT_PRODUCTS_DIR; };
		E3228CBD29CE253F0016D5FB /* invio_v2UITests.swift */ = {isa = PBXFileReference; lastKnownFileType = sourcecode.swift; path = invio_v2UITests.swift; sourceTree = "<group>"; };
		E3228CBF29CE253F0016D5FB /* invio_v2UITestsLaunchTests.swift */ = {isa = PBXFileReference; lastKnownFileType = sourcecode.swift; path = invio_v2UITestsLaunchTests.swift; sourceTree = "<group>"; };
		E3228CCC29CE34A20016D5FB /* ViewControllerHomePage.swift */ = {isa = PBXFileReference; lastKnownFileType = sourcecode.swift; path = ViewControllerHomePage.swift; sourceTree = "<group>"; };
/* End PBXFileReference section */

/* Begin PBXFrameworksBuildPhase section */
		E3228C9629CE253B0016D5FB /* Frameworks */ = {
			isa = PBXFrameworksBuildPhase;
			buildActionMask = 2147483647;
			files = (
			);
			runOnlyForDeploymentPostprocessing = 0;
		};
		E3228CAC29CE253F0016D5FB /* Frameworks */ = {
			isa = PBXFrameworksBuildPhase;
			buildActionMask = 2147483647;
			files = (
			);
			runOnlyForDeploymentPostprocessing = 0;
		};
		E3228CB629CE253F0016D5FB /* Frameworks */ = {
			isa = PBXFrameworksBuildPhase;
			buildActionMask = 2147483647;
			files = (
			);
			runOnlyForDeploymentPostprocessing = 0;
		};
/* End PBXFrameworksBuildPhase section */

/* Begin PBXGroup section */
		E3228C9029CE253B0016D5FB = {
			isa = PBXGroup;
			children = (
				E3228C9B29CE253B0016D5FB /* invio-v2 */,
				E3228CB229CE253F0016D5FB /* invio-v2Tests */,
				E3228CBC29CE253F0016D5FB /* invio-v2UITests */,
				E3228C9A29CE253B0016D5FB /* Products */,
			);
			sourceTree = "<group>";
		};
		E3228C9A29CE253B0016D5FB /* Products */ = {
			isa = PBXGroup;
			children = (
				E3228C9929CE253B0016D5FB /* invio-v2.app */,
				E3228CAF29CE253F0016D5FB /* invio-v2Tests.xctest */,
				E3228CB929CE253F0016D5FB /* invio-v2UITests.xctest */,
			);
			name = Products;
			sourceTree = "<group>";
		};
		E3228C9B29CE253B0016D5FB /* invio-v2 */ = {
			isa = PBXGroup;
			children = (
				E3228C9C29CE253B0016D5FB /* AppDelegate.swift */,
				E3228C9E29CE253B0016D5FB /* SceneDelegate.swift */,
				E3228CA029CE253B0016D5FB /* ViewController.swift */,
				E3228CA229CE253B0016D5FB /* Main.storyboard */,
				E3228CCC29CE34A20016D5FB /* ViewControllerHomePage.swift */,
				E3228CA529CE253F0016D5FB /* Assets.xcassets */,
				E3228CA729CE253F0016D5FB /* LaunchScreen.storyboard */,
				E3228CAA29CE253F0016D5FB /* Info.plist */,
			);
			path = "invio-v2";
			sourceTree = "<group>";
		};
		E3228CB229CE253F0016D5FB /* invio-v2Tests */ = {
			isa = PBXGroup;
			children = (
				E3228CB329CE253F0016D5FB /* invio_v2Tests.swift */,
			);
			path = "invio-v2Tests";
			sourceTree = "<group>";
		};
		E3228CBC29CE253F0016D5FB /* invio-v2UITests */ = {
			isa = PBXGroup;
			children = (
				E3228CBD29CE253F0016D5FB /* invio_v2UITests.swift */,
				E3228CBF29CE253F0016D5FB /* invio_v2UITestsLaunchTests.swift */,
			);
			path = "invio-v2UITests";
			sourceTree = "<group>";
		};
/* End PBXGroup section */

/* Begin PBXNativeTarget section */
		E3228C9829CE253B0016D5FB /* invio-v2 */ = {
			isa = PBXNativeTarget;
			buildConfigurationList = E3228CC329CE253F0016D5FB /* Build configuration list for PBXNativeTarget "invio-v2" */;
			buildPhases = (
				E3228C9529CE253B0016D5FB /* Sources */,
				E3228C9629CE253B0016D5FB /* Frameworks */,
				E3228C9729CE253B0016D5FB /* Resources */,
			);
			buildRules = (
			);
			dependencies = (
			);
			name = "invio-v2";
			productName = "invio-v2";
			productReference = E3228C9929CE253B0016D5FB /* invio-v2.app */;
			productType = "com.apple.product-type.application";
		};
		E3228CAE29CE253F0016D5FB /* invio-v2Tests */ = {
			isa = PBXNativeTarget;
			buildConfigurationList = E3228CC629CE253F0016D5FB /* Build configuration list for PBXNativeTarget "invio-v2Tests" */;
			buildPhases = (
				E3228CAB29CE253F0016D5FB /* Sources */,
				E3228CAC29CE253F0016D5FB /* Frameworks */,
				E3228CAD29CE253F0016D5FB /* Resources */,
			);
			buildRules = (
			);
			dependencies = (
				E3228CB129CE253F0016D5FB /* PBXTargetDependency */,
			);
			name = "invio-v2Tests";
			productName = "invio-v2Tests";
			productReference = E3228CAF29CE253F0016D5FB /* invio-v2Tests.xctest */;
			productType = "com.apple.product-type.bundle.unit-test";
		};
		E3228CB829CE253F0016D5FB /* invio-v2UITests */ = {
			isa = PBXNativeTarget;
			buildConfigurationList = E3228CC929CE253F0016D5FB /* Build configuration list for PBXNativeTarget "invio-v2UITests" */;
			buildPhases = (
				E3228CB529CE253F0016D5FB /* Sources */,
				E3228CB629CE253F0016D5FB /* Frameworks */,
				E3228CB729CE253F0016D5FB /* Resources */,
			);
			buildRules = (
			);
			dependencies = (
				E3228CBB29CE253F0016D5FB /* PBXTargetDependency */,
			);
			name = "invio-v2UITests";
			productName = "invio-v2UITests";
			productReference = E3228CB929CE253F0016D5FB /* invio-v2UITests.xctest */;
			productType = "com.apple.product-type.bundle.ui-testing";
		};
/* End PBXNativeTarget section */

/* Begin PBXProject section */
		E3228C9129CE253B0016D5FB /* Project object */ = {
			isa = PBXProject;
			attributes = {
				BuildIndependentTargetsInParallel = 1;
				LastSwiftUpdateCheck = 1340;
				LastUpgradeCheck = 1340;
				TargetAttributes = {
					E3228C9829CE253B0016D5FB = {
						CreatedOnToolsVersion = 13.4.1;
					};
					E3228CAE29CE253F0016D5FB = {
						CreatedOnToolsVersion = 13.4.1;
						TestTargetID = E3228C9829CE253B0016D5FB;
					};
					E3228CB829CE253F0016D5FB = {
						CreatedOnToolsVersion = 13.4.1;
						TestTargetID = E3228C9829CE253B0016D5FB;
					};
				};
			};
			buildConfigurationList = E3228C9429CE253B0016D5FB /* Build configuration list for PBXProject "invio-v2" */;
			compatibilityVersion = "Xcode 13.0";
			developmentRegion = en;
			hasScannedForEncodings = 0;
			knownRegions = (
				en,
				Base,
			);
			mainGroup = E3228C9029CE253B0016D5FB;
			productRefGroup = E3228C9A29CE253B0016D5FB /* Products */;
			projectDirPath = "";
			projectRoot = "";
			targets = (
				E3228C9829CE253B0016D5FB /* invio-v2 */,
				E3228CAE29CE253F0016D5FB /* invio-v2Tests */,
				E3228CB829CE253F0016D5FB /* invio-v2UITests */,
			);
		};
/* End PBXProject section */

/* Begin PBXResourcesBuildPhase section */
		E3228C9729CE253B0016D5FB /* Resources */ = {
			isa = PBXResourcesBuildPhase;
			buildActionMask = 2147483647;
			files = (
				E3228CA929CE253F0016D5FB /* LaunchScreen.storyboard in Resources */,
				E3228CA629CE253F0016D5FB /* Assets.xcassets in Resources */,
				E3228CA429CE253B0016D5FB /* Main.storyboard in Resources */,
			);
			runOnlyForDeploymentPostprocessing = 0;
		};
		E3228CAD29CE253F0016D5FB /* Resources */ = {
			isa = PBXResourcesBuildPhase;
			buildActionMask = 2147483647;
			files = (
			);
			runOnlyForDeploymentPostprocessing = 0;
		};
		E3228CB729CE253F0016D5FB /* Resources */ = {
			isa = PBXResourcesBuildPhase;
			buildActionMask = 2147483647;
			files = (
			);
			runOnlyForDeploymentPostprocessing = 0;
		};
/* End PBXResourcesBuildPhase section */

/* Begin PBXSourcesBuildPhase section */
		E3228C9529CE253B0016D5FB /* Sources */ = {
			isa = PBXSourcesBuildPhase;
			buildActionMask = 2147483647;
			files = (
				E3228CCD29CE34A20016D5FB /* ViewControllerHomePage.swift in Sources */,
				E3228CA129CE253B0016D5FB /* ViewController.swift in Sources */,
				E3228C9D29CE253B0016D5FB /* AppDelegate.swift in Sources */,
				E3228C9F29CE253B0016D5FB /* SceneDelegate.swift in Sources */,
			);
			runOnlyForDeploymentPostprocessing = 0;
		};
		E3228CAB29CE253F0016D5FB /* Sources */ = {
			isa = PBXSourcesBuildPhase;
			buildActionMask = 2147483647;
			files = (
				E3228CB429CE253F0016D5FB /* invio_v2Tests.swift in Sources */,
			);
			runOnlyForDeploymentPostprocessing = 0;
		};
		E3228CB529CE253F0016D5FB /* Sources */ = {
			isa = PBXSourcesBuildPhase;
			buildActionMask = 2147483647;
			files = (
				E3228CC029CE253F0016D5FB /* invio_v2UITestsLaunchTests.swift in Sources */,
				E3228CBE29CE253F0016D5FB /* invio_v2UITests.swift in Sources */,
			);
			runOnlyForDeploymentPostprocessing = 0;
		};
/* End PBXSourcesBuildPhase section */

/* Begin PBXTargetDependency section */
		E3228CB129CE253F0016D5FB /* PBXTargetDependency */ = {
			isa = PBXTargetDependency;
			target = E3228C9829CE253B0016D5FB /* invio-v2 */;
			targetProxy = E3228CB029CE253F0016D5FB /* PBXContainerItemProxy */;
		};
		E3228CBB29CE253F0016D5FB /* PBXTargetDependency */ = {
			isa = PBXTargetDependency;
			target = E3228C9829CE253B0016D5FB /* invio-v2 */;
			targetProxy = E3228CBA29CE253F0016D5FB /* PBXContainerItemProxy */;
		};
/* End PBXTargetDependency section */

/* Begin PBXVariantGroup section */
		E3228CA229CE253B0016D5FB /* Main.storyboard */ = {
			isa = PBXVariantGroup;
			children = (
				E3228CA329CE253B0016D5FB /* Base */,
			);
			name = Main.storyboard;
			sourceTree = "<group>";
		};
		E3228CA729CE253F0016D5FB /* LaunchScreen.storyboard */ = {
			isa = PBXVariantGroup;
			children = (
				E3228CA829CE253F0016D5FB /* Base */,
			);
			name = LaunchScreen.storyboard;
			sourceTree = "<group>";
		};
/* End PBXVariantGroup section */

/* Begin XCBuildConfiguration section */
		E3228CC129CE253F0016D5FB /* Debug */ = {
			isa = XCBuildConfiguration;
			buildSettings = {
				ALWAYS_SEARCH_USER_PATHS = NO;
				CLANG_ANALYZER_NONNULL = YES;
				CLANG_ANALYZER_NUMBER_OBJECT_CONVERSION = YES_AGGRESSIVE;
				CLANG_CXX_LANGUAGE_STANDARD = "gnu++17";
				CLANG_ENABLE_MODULES = YES;
				CLANG_ENABLE_OBJC_ARC = YES;
				CLANG_ENABLE_OBJC_WEAK = YES;
				CLANG_WARN_BLOCK_CAPTURE_AUTORELEASING = YES;
				CLANG_WARN_BOOL_CONVERSION = YES;
				CLANG_WARN_COMMA = YES;
				CLANG_WARN_CONSTANT_CONVERSION = YES;
				CLANG_WARN_DEPRECATED_OBJC_IMPLEMENTATIONS = YES;
				CLANG_WARN_DIRECT_OBJC_ISA_USAGE = YES_ERROR;
				CLANG_WARN_DOCUMENTATION_COMMENTS = YES;
				CLANG_WARN_EMPTY_BODY = YES;
				CLANG_WARN_ENUM_CONVERSION = YES;
				CLANG_WARN_INFINITE_RECURSION = YES;
				CLANG_WARN_INT_CONVERSION = YES;
				CLANG_WARN_NON_LITERAL_NULL_CONVERSION = YES;
				CLANG_WARN_OBJC_IMPLICIT_RETAIN_SELF = YES;
				CLANG_WARN_OBJC_LITERAL_CONVERSION = YES;
				CLANG_WARN_OBJC_ROOT_CLASS = YES_ERROR;
				CLANG_WARN_QUOTED_INCLUDE_IN_FRAMEWORK_HEADER = YES;
				CLANG_WARN_RANGE_LOOP_ANALYSIS = YES;
				CLANG_WARN_STRICT_PROTOTYPES = YES;
				CLANG_WARN_SUSPICIOUS_MOVE = YES;
				CLANG_WARN_UNGUARDED_AVAILABILITY = YES_AGGRESSIVE;
				CLANG_WARN_UNREACHABLE_CODE = YES;
				CLANG_WARN__DUPLICATE_METHOD_MATCH = YES;
				COPY_PHASE_STRIP = NO;
				DEBUG_INFORMATION_FORMAT = dwarf;
				ENABLE_STRICT_OBJC_MSGSEND = YES;
				ENABLE_TESTABILITY = YES;
				GCC_C_LANGUAGE_STANDARD = gnu11;
				GCC_DYNAMIC_NO_PIC = NO;
				GCC_NO_COMMON_BLOCKS = YES;
				GCC_OPTIMIZATION_LEVEL = 0;
				GCC_PREPROCESSOR_DEFINITIONS = (
					"DEBUG=1",
					"$(inherited)",
				);
				GCC_WARN_64_TO_32_BIT_CONVERSION = YES;
				GCC_WARN_ABOUT_RETURN_TYPE = YES_ERROR;
				GCC_WARN_UNDECLARED_SELECTOR = YES;
				GCC_WARN_UNINITIALIZED_AUTOS = YES_AGGRESSIVE;
				GCC_WARN_UNUSED_FUNCTION = YES;
				GCC_WARN_UNUSED_VARIABLE = YES;
				IPHONEOS_DEPLOYMENT_TARGET = 15.5;
				MTL_ENABLE_DEBUG_INFO = INCLUDE_SOURCE;
				MTL_FAST_MATH = YES;
				ONLY_ACTIVE_ARCH = YES;
				SDKROOT = iphoneos;
				SWIFT_ACTIVE_COMPILATION_CONDITIONS = DEBUG;
				SWIFT_OPTIMIZATION_LEVEL = "-Onone";
			};
			name = Debug;
		};
		E3228CC229CE253F0016D5FB /* Release */ = {
			isa = XCBuildConfiguration;
			buildSettings = {
				ALWAYS_SEARCH_USER_PATHS = NO;
				CLANG_ANALYZER_NONNULL = YES;
				CLANG_ANALYZER_NUMBER_OBJECT_CONVERSION = YES_AGGRESSIVE;
				CLANG_CXX_LANGUAGE_STANDARD = "gnu++17";
				CLANG_ENABLE_MODULES = YES;
				CLANG_ENABLE_OBJC_ARC = YES;
				CLANG_ENABLE_OBJC_WEAK = YES;
				CLANG_WARN_BLOCK_CAPTURE_AUTORELEASING = YES;
				CLANG_WARN_BOOL_CONVERSION = YES;
				CLANG_WARN_COMMA = YES;
				CLANG_WARN_CONSTANT_CONVERSION = YES;
				CLANG_WARN_DEPRECATED_OBJC_IMPLEMENTATIONS = YES;
				CLANG_WARN_DIRECT_OBJC_ISA_USAGE = YES_ERROR;
				CLANG_WARN_DOCUMENTATION_COMMENTS = YES;
				CLANG_WARN_EMPTY_BODY = YES;
				CLANG_WARN_ENUM_CONVERSION = YES;
				CLANG_WARN_INFINITE_RECURSION = YES;
				CLANG_WARN_INT_CONVERSION = YES;
				CLANG_WARN_NON_LITERAL_NULL_CONVERSION = YES;
				CLANG_WARN_OBJC_IMPLICIT_RETAIN_SELF = YES;
				CLANG_WARN_OBJC_LITERAL_CONVERSION = YES;
				CLANG_WARN_OBJC_ROOT_CLASS = YES_ERROR;
				CLANG_WARN_QUOTED_INCLUDE_IN_FRAMEWORK_HEADER = YES;
				CLANG_WARN_RANGE_LOOP_ANALYSIS = YES;
				CLANG_WARN_STRICT_PROTOTYPES = YES;
				CLANG_WARN_SUSPICIOUS_MOVE = YES;
				CLANG_WARN_UNGUARDED_AVAILABILITY = YES_AGGRESSIVE;
				CLANG_WARN_UNREACHABLE_CODE = YES;
				CLANG_WARN__DUPLICATE_METHOD_MATCH = YES;
				COPY_PHASE_STRIP = NO;
				DEBUG_INFORMATION_FORMAT = "dwarf-with-dsym";
				ENABLE_NS_ASSERTIONS = NO;
				ENABLE_STRICT_OBJC_MSGSEND = YES;
				GCC_C_LANGUAGE_STANDARD = gnu11;
				GCC_NO_COMMON_BLOCKS = YES;
				GCC_WARN_64_TO_32_BIT_CONVERSION = YES;
				GCC_WARN_ABOUT_RETURN_TYPE = YES_ERROR;
				GCC_WARN_UNDECLARED_SELECTOR = YES;
				GCC_WARN_UNINITIALIZED_AUTOS = YES_AGGRESSIVE;
				GCC_WARN_UNUSED_FUNCTION = YES;
				GCC_WARN_UNUSED_VARIABLE = YES;
				IPHONEOS_DEPLOYMENT_TARGET = 15.5;
				MTL_ENABLE_DEBUG_INFO = NO;
				MTL_FAST_MATH = YES;
				SDKROOT = iphoneos;
				SWIFT_COMPILATION_MODE = wholemodule;
				SWIFT_OPTIMIZATION_LEVEL = "-O";
				VALIDATE_PRODUCT = YES;
			};
			name = Release;
		};
		E3228CC429CE253F0016D5FB /* Debug */ = {
			isa = XCBuildConfiguration;
			buildSettings = {
				ASSETCATALOG_COMPILER_APPICON_NAME = AppIcon;
				ASSETCATALOG_COMPILER_GLOBAL_ACCENT_COLOR_NAME = AccentColor;
				CODE_SIGN_STYLE = Automatic;
				CURRENT_PROJECT_VERSION = 1;
				GENERATE_INFOPLIST_FILE = YES;
				INFOPLIST_FILE = "invio-v2/Info.plist";
				INFOPLIST_KEY_UIApplicationSupportsIndirectInputEvents = YES;
				INFOPLIST_KEY_UILaunchStoryboardName = LaunchScreen;
				INFOPLIST_KEY_UIMainStoryboardFile = Main;
				INFOPLIST_KEY_UISupportedInterfaceOrientations_iPad = "UIInterfaceOrientationPortrait UIInterfaceOrientationPortraitUpsideDown UIInterfaceOrientationLandscapeLeft UIInterfaceOrientationLandscapeRight";
				INFOPLIST_KEY_UISupportedInterfaceOrientations_iPhone = "UIInterfaceOrientationPortrait UIInterfaceOrientationLandscapeLeft UIInterfaceOrientationLandscapeRight";
				LD_RUNPATH_SEARCH_PATHS = (
					"$(inherited)",
					"@executable_path/Frameworks",
				);
				MARKETING_VERSION = 1.0;
				PRODUCT_BUNDLE_IDENTIFIER = "info.invio-v2";
				PRODUCT_NAME = "$(TARGET_NAME)";
				SWIFT_EMIT_LOC_STRINGS = YES;
				SWIFT_VERSION = 5.0;
				TARGETED_DEVICE_FAMILY = "1,2";
			};
			name = Debug;
		};
		E3228CC529CE253F0016D5FB /* Release */ = {
			isa = XCBuildConfiguration;
			buildSettings = {
				ASSETCATALOG_COMPILER_APPICON_NAME = AppIcon;
				ASSETCATALOG_COMPILER_GLOBAL_ACCENT_COLOR_NAME = AccentColor;
				CODE_SIGN_STYLE = Automatic;
				CURRENT_PROJECT_VERSION = 1;
				GENERATE_INFOPLIST_FILE = YES;
				INFOPLIST_FILE = "invio-v2/Info.plist";
				INFOPLIST_KEY_UIApplicationSupportsIndirectInputEvents = YES;
				INFOPLIST_KEY_UILaunchStoryboardName = LaunchScreen;
				INFOPLIST_KEY_UIMainStoryboardFile = Main;
				INFOPLIST_KEY_UISupportedInterfaceOrientations_iPad = "UIInterfaceOrientationPortrait UIInterfaceOrientationPortraitUpsideDown UIInterfaceOrientationLandscapeLeft UIInterfaceOrientationLandscapeRight";
				INFOPLIST_KEY_UISupportedInterfaceOrientations_iPhone = "UIInterfaceOrientationPortrait UIInterfaceOrientationLandscapeLeft UIInterfaceOrientationLandscapeRight";
				LD_RUNPATH_SEARCH_PATHS = (
					"$(inherited)",
					"@executable_path/Frameworks",
				);
				MARKETING_VERSION = 1.0;
				PRODUCT_BUNDLE_IDENTIFIER = "info.invio-v2";
				PRODUCT_NAME = "$(TARGET_NAME)";
				SWIFT_EMIT_LOC_STRINGS = YES;
				SWIFT_VERSION = 5.0;
				TARGETED_DEVICE_FAMILY = "1,2";
			};
			name = Release;
		};
		E3228CC729CE253F0016D5FB /* Debug */ = {
			isa = XCBuildConfiguration;
			buildSettings = {
				ALWAYS_EMBED_SWIFT_STANDARD_LIBRARIES = YES;
				BUNDLE_LOADER = "$(TEST_HOST)";
				CODE_SIGN_STYLE = Automatic;
				CURRENT_PROJECT_VERSION = 1;
				GENERATE_INFOPLIST_FILE = YES;
				IPHONEOS_DEPLOYMENT_TARGET = 15.5;
				MARKETING_VERSION = 1.0;
				PRODUCT_BUNDLE_IDENTIFIER = "info.invio-v2Tests";
				PRODUCT_NAME = "$(TARGET_NAME)";
				SWIFT_EMIT_LOC_STRINGS = NO;
				SWIFT_VERSION = 5.0;
				TARGETED_DEVICE_FAMILY = "1,2";
				TEST_HOST = "$(BUILT_PRODUCTS_DIR)/invio-v2.app/invio-v2";
			};
			name = Debug;
		};
		E3228CC829CE253F0016D5FB /* Release */ = {
			isa = XCBuildConfiguration;
			buildSettings = {
				ALWAYS_EMBED_SWIFT_STANDARD_LIBRARIES = YES;
				BUNDLE_LOADER = "$(TEST_HOST)";
				CODE_SIGN_STYLE = Automatic;
				CURRENT_PROJECT_VERSION = 1;
				GENERATE_INFOPLIST_FILE = YES;
				IPHONEOS_DEPLOYMENT_TARGET = 15.5;
				MARKETING_VERSION = 1.0;
				PRODUCT_BUNDLE_IDENTIFIER = "info.invio-v2Tests";
				PRODUCT_NAME = "$(TARGET_NAME)";
				SWIFT_EMIT_LOC_STRINGS = NO;
				SWIFT_VERSION = 5.0;
				TARGETED_DEVICE_FAMILY = "1,2";
				TEST_HOST = "$(BUILT_PRODUCTS_DIR)/invio-v2.app/invio-v2";
			};
			name = Release;
		};
		E3228CCA29CE253F0016D5FB /* Debug */ = {
			isa = XCBuildConfiguration;
			buildSettings = {
				ALWAYS_EMBED_SWIFT_STANDARD_LIBRARIES = YES;
				CODE_SIGN_STYLE = Automatic;
				CURRENT_PROJECT_VERSION = 1;
				GENERATE_INFOPLIST_FILE = YES;
				MARKETING_VERSION = 1.0;
				PRODUCT_BUNDLE_IDENTIFIER = "info.invio-v2UITests";
				PRODUCT_NAME = "$(TARGET_NAME)";
				SWIFT_EMIT_LOC_STRINGS = NO;
				SWIFT_VERSION = 5.0;
				TARGETED_DEVICE_FAMILY = "1,2";
				TEST_TARGET_NAME = "invio-v2";
			};
			name = Debug;
		};
		E3228CCB29CE253F0016D5FB /* Release */ = {
			isa = XCBuildConfiguration;
			buildSettings = {
				ALWAYS_EMBED_SWIFT_STANDARD_LIBRARIES = YES;
				CODE_SIGN_STYLE = Automatic;
				CURRENT_PROJECT_VERSION = 1;
				GENERATE_INFOPLIST_FILE = YES;
				MARKETING_VERSION = 1.0;
				PRODUCT_BUNDLE_IDENTIFIER = "info.invio-v2UITests";
				PRODUCT_NAME = "$(TARGET_NAME)";
				SWIFT_EMIT_LOC_STRINGS = NO;
				SWIFT_VERSION = 5.0;
				TARGETED_DEVICE_FAMILY = "1,2";
				TEST_TARGET_NAME = "invio-v2";
			};
			name = Release;
		};
/* End XCBuildConfiguration section */

/* Begin XCConfigurationList section */
		E3228C9429CE253B0016D5FB /* Build configuration list for PBXProject "invio-v2" */ = {
			isa = XCConfigurationList;
			buildConfigurations = (
				E3228CC129CE253F0016D5FB /* Debug */,
				E3228CC229CE253F0016D5FB /* Release */,
			);
			defaultConfigurationIsVisible = 0;
			defaultConfigurationName = Release;
		};
		E3228CC329CE253F0016D5FB /* Build configuration list for PBXNativeTarget "invio-v2" */ = {
			isa = XCConfigurationList;
			buildConfigurations = (
				E3228CC429CE253F0016D5FB /* Debug */,
				E3228CC529CE253F0016D5FB /* Release */,
			);
			defaultConfigurationIsVisible = 0;
			defaultConfigurationName = Release;
		};
		E3228CC629CE253F0016D5FB /* Build configuration list for PBXNativeTarget "invio-v2Tests" */ = {
			isa = XCConfigurationList;
			buildConfigurations = (
				E3228CC729CE253F0016D5FB /* Debug */,
				E3228CC829CE253F0016D5FB /* Release */,
			);
			defaultConfigurationIsVisible = 0;
			defaultConfigurationName = Release;
		};
		E3228CC929CE253F0016D5FB /* Build configuration list for PBXNativeTarget "invio-v2UITests" */ = {
			isa = XCConfigurationList;
			buildConfigurations = (
				E3228CCA29CE253F0016D5FB /* Debug */,
				E3228CCB29CE253F0016D5FB /* Release */,
			);
			defaultConfigurationIsVisible = 0;
			defaultConfigurationName = Release;
		};
/* End XCConfigurationList section */
	};
	rootObject = E3228C9129CE253B0016D5FB /* Project object */;
}
